{
  "name": "swiper",
  "version": "11.0.4",
  "lockfileVersion": 3,
  "requires": true,
  "packages": {
    "": {
      "name": "swiper",
      "version": "11.0.4",
      "funding": [
        {
          "type": "patreon",
          "url": "https://www.patreon.com/swiperjs"
        },
        {
          "type": "open_collective",
          "url": "http://opencollective.com/swiper"
        }
      ],
      "license": "MIT",
      "dependencies": {
        "swiper": "file:"
      },
      "engines": {
        "node": ">= 4.7.0"
      }
    },
    "node_modules/swiper": {
      "resolved": "",
      "link": true
    }
  }
}
